
Microsoft Visual Studio Solution File, Format Version 12.00
# Visual Studio 15
VisualStudioVersion = 15.0.28307.645
MinimumVisualStudioVersion = 10.0.40219.1
Project("{9A19103F-16F7-4668-BE54-9A1E7A4F7556}") = "storecore.backend", "storecore.backend\storecore.backend.csproj", "{2805C486-6F69-48CF-8A4D-72D572821642}"
EndProject
Project("{9A19103F-16F7-4668-BE54-9A1E7A4F7556}") = "DTO", "DTO\DTO.csproj", "{1D12B9A4-8E97-4BD8-B12E-D2E78464E2CD}"
EndProject
Global
	GlobalSection(SolutionConfigurationPlatforms) = preSolution
		Debug|Any CPU = Debug|Any CPU
		Release|Any CPU = Release|Any CPU
	EndGlobalSection
	GlobalSection(ProjectConfigurationPlatforms) = postSolution
		{2805C486-6F69-48CF-8A4D-72D572821642}.Debug|Any CPU.ActiveCfg = Debug|Any CPU
		{2805C486-6F69-48CF-8A4D-72D572821642}.Debug|Any CPU.Build.0 = Debug|Any CPU
		{2805C486-6F69-48CF-8A4D-72D572821642}.Release|Any CPU.ActiveCfg = Release|Any CPU
		{2805C486-6F69-48CF-8A4D-72D572821642}.Release|Any CPU.Build.0 = Release|Any CPU
		{1D12B9A4-8E97-4BD8-B12E-D2E78464E2CD}.Debug|Any CPU.ActiveCfg = Debug|Any CPU
		{1D12B9A4-8E97-4BD8-B12E-D2E78464E2CD}.Debug|Any CPU.Build.0 = Debug|Any CPU
		{1D12B9A4-8E97-4BD8-B12E-D2E78464E2CD}.Release|Any CPU.ActiveCfg = Release|Any CPU
		{1D12B9A4-8E97-4BD8-B12E-D2E78464E2CD}.Release|Any CPU.Build.0 = Release|Any CPU
	EndGlobalSection
	GlobalSection(SolutionProperties) = preSolution
		HideSolutionNode = FALSE
	EndGlobalSection
	GlobalSection(ExtensibilityGlobals) = postSolution
		SolutionGuid = {F6A0730F-CAA4-4B42-8856-5283F3C5CCFC}
	EndGlobalSection
EndGlobal
